
Microsoft Visual Studio Solution File, Format Version 12.00
# Visual Studio Version 17
VisualStudioVersion = 17.8.34511.84
MinimumVisualStudioVersion = 10.0.40219.1
Project("{FAE04EC0-301F-11D3-BF4B-00C04F79EFBC}") = "Prog_224_W24_L4_021224", "Prog_224_W24_L4_021224.csproj", "{C99BDC2A-FD78-4DF2-A18D-2162003211AD}"
EndProject
Global
	GlobalSection(SolutionConfigurationPlatforms) = preSolution
		Debug|Any CPU = Debug|Any CPU
		Release|Any CPU = Release|Any CPU
	EndGlobalSection
	GlobalSection(ProjectConfigurationPlatforms) = postSolution
		{C99BDC2A-FD78-4DF2-A18D-2162003211AD}.Debug|Any CPU.ActiveCfg = Debug|Any CPU
		{C99BDC2A-FD78-4DF2-A18D-2162003211AD}.Debug|Any CPU.Build.0 = Debug|Any CPU
		{C99BDC2A-FD78-4DF2-A18D-2162003211AD}.Release|Any CPU.ActiveCfg = Release|Any CPU
		{C99BDC2A-FD78-4DF2-A18D-2162003211AD}.Release|Any CPU.Build.0 = Release|Any CPU
	EndGlobalSection
	GlobalSection(SolutionProperties) = preSolution
		HideSolutionNode = FALSE
	EndGlobalSection
	GlobalSection(ExtensibilityGlobals) = postSolution
		SolutionGuid = {38286388-7028-4249-8D37-2D025821563F}
	EndGlobalSection
EndGlobal
